
Microsoft Visual Studio Solution File, Format Version 12.00
# Visual Studio Version 17
VisualStudioVersion = 17.9.34723.18
MinimumVisualStudioVersion = 10.0.40219.1
Project("{FAE04EC0-301F-11D3-BF4B-00C04F79EFBC}") = "Exercicio2", "Exercicio2\Exercicio2.csproj", "{488E5DEA-ADCC-426D-A292-F74D52DD1ADF}"
EndProject
Global
	GlobalSection(SolutionConfigurationPlatforms) = preSolution
		Debug|Any CPU = Debug|Any CPU
		Release|Any CPU = Release|Any CPU
	EndGlobalSection
	GlobalSection(ProjectConfigurationPlatforms) = postSolution
		{488E5DEA-ADCC-426D-A292-F74D52DD1ADF}.Debug|Any CPU.ActiveCfg = Debug|Any CPU
		{488E5DEA-ADCC-426D-A292-F74D52DD1ADF}.Debug|Any CPU.Build.0 = Debug|Any CPU
		{488E5DEA-ADCC-426D-A292-F74D52DD1ADF}.Release|Any CPU.ActiveCfg = Release|Any CPU
		{488E5DEA-ADCC-426D-A292-F74D52DD1ADF}.Release|Any CPU.Build.0 = Release|Any CPU
	EndGlobalSection
	GlobalSection(SolutionProperties) = preSolution
		HideSolutionNode = FALSE
	EndGlobalSection
	GlobalSection(ExtensibilityGlobals) = postSolution
		SolutionGuid = {B3219409-F837-4234-BC13-741D494CF90F}
	EndGlobalSection
EndGlobal
