
Microsoft Visual Studio Solution File, Format Version 12.00
# Visual Studio Version 17
VisualStudioVersion = 17.9.34723.18
MinimumVisualStudioVersion = 10.0.40219.1
Project("{FAE04EC0-301F-11D3-BF4B-00C04F79EFBC}") = "Comparacao_Igualdade", "Comparacao_Igualdade\Comparacao_Igualdade.csproj", "{8C91D84D-4AE1-48E7-98B5-E3AAF375E098}"
EndProject
Global
	GlobalSection(SolutionConfigurationPlatforms) = preSolution
		Debug|Any CPU = Debug|Any CPU
		Release|Any CPU = Release|Any CPU
	EndGlobalSection
	GlobalSection(ProjectConfigurationPlatforms) = postSolution
		{8C91D84D-4AE1-48E7-98B5-E3AAF375E098}.Debug|Any CPU.ActiveCfg = Debug|Any CPU
		{8C91D84D-4AE1-48E7-98B5-E3AAF375E098}.Debug|Any CPU.Build.0 = Debug|Any CPU
		{8C91D84D-4AE1-48E7-98B5-E3AAF375E098}.Release|Any CPU.ActiveCfg = Release|Any CPU
		{8C91D84D-4AE1-48E7-98B5-E3AAF375E098}.Release|Any CPU.Build.0 = Release|Any CPU
	EndGlobalSection
	GlobalSection(SolutionProperties) = preSolution
		HideSolutionNode = FALSE
	EndGlobalSection
	GlobalSection(ExtensibilityGlobals) = postSolution
		SolutionGuid = {44B055B2-72C8-4933-9976-F315869576CC}
	EndGlobalSection
EndGlobal
