
Microsoft Visual Studio Solution File, Format Version 12.00
# Visual Studio Version 17
VisualStudioVersion = 17.9.34723.18
MinimumVisualStudioVersion = 10.0.40219.1
Project("{FAE04EC0-301F-11D3-BF4B-00C04F79EFBC}") = "Teste", "Teste\Teste.csproj", "{B42F2A0F-AAC5-4D68-AB87-329C41292D3A}"
EndProject
Global
	GlobalSection(SolutionConfigurationPlatforms) = preSolution
		Debug|Any CPU = Debug|Any CPU
		Release|Any CPU = Release|Any CPU
	EndGlobalSection
	GlobalSection(ProjectConfigurationPlatforms) = postSolution
		{B42F2A0F-AAC5-4D68-AB87-329C41292D3A}.Debug|Any CPU.ActiveCfg = Debug|Any CPU
		{B42F2A0F-AAC5-4D68-AB87-329C41292D3A}.Debug|Any CPU.Build.0 = Debug|Any CPU
		{B42F2A0F-AAC5-4D68-AB87-329C41292D3A}.Release|Any CPU.ActiveCfg = Release|Any CPU
		{B42F2A0F-AAC5-4D68-AB87-329C41292D3A}.Release|Any CPU.Build.0 = Release|Any CPU
	EndGlobalSection
	GlobalSection(SolutionProperties) = preSolution
		HideSolutionNode = FALSE
	EndGlobalSection
	GlobalSection(ExtensibilityGlobals) = postSolution
		SolutionGuid = {D47608DD-5818-486C-9C77-E67B0E7B1444}
	EndGlobalSection
EndGlobal
