
Microsoft Visual Studio Solution File, Format Version 12.00
# Visual Studio Version 17
VisualStudioVersion = 17.9.34723.18
MinimumVisualStudioVersion = 10.0.40219.1
Project("{FAE04EC0-301F-11D3-BF4B-00C04F79EFBC}") = "Banco", "Banco\Banco.csproj", "{CF8320C1-F3C0-43A9-943A-0B565605F3A2}"
EndProject
Global
	GlobalSection(SolutionConfigurationPlatforms) = preSolution
		Debug|Any CPU = Debug|Any CPU
		Release|Any CPU = Release|Any CPU
	EndGlobalSection
	GlobalSection(ProjectConfigurationPlatforms) = postSolution
		{CF8320C1-F3C0-43A9-943A-0B565605F3A2}.Debug|Any CPU.ActiveCfg = Debug|Any CPU
		{CF8320C1-F3C0-43A9-943A-0B565605F3A2}.Debug|Any CPU.Build.0 = Debug|Any CPU
		{CF8320C1-F3C0-43A9-943A-0B565605F3A2}.Release|Any CPU.ActiveCfg = Release|Any CPU
		{CF8320C1-F3C0-43A9-943A-0B565605F3A2}.Release|Any CPU.Build.0 = Release|Any CPU
	EndGlobalSection
	GlobalSection(SolutionProperties) = preSolution
		HideSolutionNode = FALSE
	EndGlobalSection
	GlobalSection(ExtensibilityGlobals) = postSolution
		SolutionGuid = {4D3CE52A-88EE-4F9A-9B7E-B056A38837A8}
	EndGlobalSection
EndGlobal
